
Microsoft Visual Studio Solution File, Format Version 12.00
# Visual Studio 15
VisualStudioVersion = 15.0.28307.168
MinimumVisualStudioVersion = 10.0.40219.1
Project("{FAE04EC0-301F-11D3-BF4B-00C04F79EFBC}") = "Module3New2", "Module3New2\Module3New2.csproj", "{95825CDD-52B7-4E7B-AC20-FD388296EB4C}"
EndProject
Global
	GlobalSection(SolutionConfigurationPlatforms) = preSolution
		Debug|Any CPU = Debug|Any CPU
		Release|Any CPU = Release|Any CPU
	EndGlobalSection
	GlobalSection(ProjectConfigurationPlatforms) = postSolution
		{95825CDD-52B7-4E7B-AC20-FD388296EB4C}.Debug|Any CPU.ActiveCfg = Debug|Any CPU
		{95825CDD-52B7-4E7B-AC20-FD388296EB4C}.Debug|Any CPU.Build.0 = Debug|Any CPU
		{95825CDD-52B7-4E7B-AC20-FD388296EB4C}.Release|Any CPU.ActiveCfg = Release|Any CPU
		{95825CDD-52B7-4E7B-AC20-FD388296EB4C}.Release|Any CPU.Build.0 = Release|Any CPU
	EndGlobalSection
	GlobalSection(SolutionProperties) = preSolution
		HideSolutionNode = FALSE
	EndGlobalSection
	GlobalSection(ExtensibilityGlobals) = postSolution
		SolutionGuid = {B465D369-BEAF-4FD9-A157-1F71DFC26978}
	EndGlobalSection
EndGlobal
